
Microsoft Visual Studio Solution File, Format Version 12.00
# Visual Studio Version 17
VisualStudioVersion = 17.5.33502.453
MinimumVisualStudioVersion = 10.0.40219.1
Project("{8BC9CEB8-8B4A-11D0-8D11-00A0C91BC942}") = "unioneArray", "unioneArray.vcxproj", "{7D107A7B-2EE4-4F18-93D6-DEED5CFAA149}"
EndProject
Global
	GlobalSection(SolutionConfigurationPlatforms) = preSolution
		Debug|x64 = Debug|x64
		Debug|x86 = Debug|x86
		Release|x64 = Release|x64
		Release|x86 = Release|x86
	EndGlobalSection
	GlobalSection(ProjectConfigurationPlatforms) = postSolution
		{7D107A7B-2EE4-4F18-93D6-DEED5CFAA149}.Debug|x64.ActiveCfg = Debug|x64
		{7D107A7B-2EE4-4F18-93D6-DEED5CFAA149}.Debug|x64.Build.0 = Debug|x64
		{7D107A7B-2EE4-4F18-93D6-DEED5CFAA149}.Debug|x86.ActiveCfg = Debug|Win32
		{7D107A7B-2EE4-4F18-93D6-DEED5CFAA149}.Debug|x86.Build.0 = Debug|Win32
		{7D107A7B-2EE4-4F18-93D6-DEED5CFAA149}.Release|x64.ActiveCfg = Release|x64
		{7D107A7B-2EE4-4F18-93D6-DEED5CFAA149}.Release|x64.Build.0 = Release|x64
		{7D107A7B-2EE4-4F18-93D6-DEED5CFAA149}.Release|x86.ActiveCfg = Release|Win32
		{7D107A7B-2EE4-4F18-93D6-DEED5CFAA149}.Release|x86.Build.0 = Release|Win32
	EndGlobalSection
	GlobalSection(SolutionProperties) = preSolution
		HideSolutionNode = FALSE
	EndGlobalSection
	GlobalSection(ExtensibilityGlobals) = postSolution
		SolutionGuid = {E0AB40E6-8CA4-4F6F-82E2-97DB42E263C8}
	EndGlobalSection
EndGlobal
